{
  "name": "map-demos",
  "lockfileVersion": 3,
  "requires": true,
  "packages": {
    "": {
      "dependencies": {
        "threebox": "^0.1.5"
      }
    },
    "node_modules/threebox": {
      "version": "0.1.5",
      "resolved": "https://registry.npmjs.org/threebox/-/threebox-0.1.5.tgz",
      "integrity": "sha512-SAxLgJ6Qwqvzehic25DFkhJT7dPvWnwwHPgrAHoDZiIzlO5uG0CD1XPkv4kq6/lA94yK2Nf7BI8q5xCKdXBalw=="
    }
  }
}
